github.com/Masterminds/semver/v3 v3.1.1 h1:hLg3sBzpNErnxhQtUy/mmLR2I9foDujNK030IGemrRc=
github.com/Masterminds/semver/v3 v3.1.1/go.mod h1:VPu/7SZ7ePZ3QOrcuXROw5FAcLl4a0cBrbBpGY/8hQs=
github.com/aws/constructs-go/constructs/v3 v3.3.75 h1:sunQ8/mQwVoV0OdGYmSh/s8Z2XyUXr8hCc/bKzz6SoU=
github.com/aws/constructs-go/constructs/v3 v3.3.75/go.mod h1:gh+X5UyxGPp/fWyp8iVMa75yMDQev4639pQ93HXXMoA=
github.com/aws/jsii-runtime-go v1.28.0/go.mod h1:6tZnlstx8bAB3vnLFF9n8bbkI//LDblAek9zFyMXV3E=
github.com/aws/jsii-runtime-go v1.29.0 h1:JH4GHSauYskfzREWaQMAMTXDRgNR2e5XeLbjD/xf9J0=
github.com/aws/jsii-runtime-go v1.29.0/go.mod h1:6tZnlstx8bAB3vnLFF9n8bbkI//LDblAek9zFyMXV3E=
github.com/davecgh/go-spew v1.1.0/go.mod h1:J7Y8YcW2NihsgmVo/mv3lAwl/skON4iLHjSsI+c5H38=
github.com/hashicorp/terraform-cdk-go/cdktf v0.5.0 h1:zTy/YB8Q69QmiTAeVtG79TKKaFyJZF8ez7dvneRQ/LQ=
github.com/hashicorp/terraform-cdk-go/cdktf v0.5.0/go.mod h1:Lzi9rFr53rGiJGwD1OW6VjadHDApWJ94GXfdHDX3Mf4=
github.com/pmezard/go-difflib v1.0.0/go.mod h1:iKH77koFhYxTK1pcRnkKkqfTogsbg7gZNVY4sRDYZ/4=
github.com/stretchr/objx v0.1.0/go.mod h1:HFkY916IF+rwdDfMAkV7OtwuqBVzrE8GR6GFx+wExME=
github.com/stretchr/testify v1.7.0/go.mod h1:6Fq8oRcR53rry900zMqJjRRixrwX3KX962/h/Wwjteg=
gopkg.in/check.v1 v0.0.0-20161208181325-20d25e280405/go.mod h1:Co6ibVJAznAaIkqp8huTwlJQCZ016jof/cbN4VW5Yz0=
gopkg.in/yaml.v3 v3.0.0-20200313102051-9f266ea9e77c/go.mod h1:K4uyk7z7BCEPqu6E+C64Yfv1cQ7kz7rIZviUmN+EgEM=
